// !$*UTF8*$!
{
	archiveVersion = 1;
	classes = {
	};
	objectVersion = 55;
	objects = {

/* Begin PBXBuildFile section */
		E80188532C63C39300BB3D9B /* MatchData.swift in Sources */ = {isa = PBXBuildFile; fileRef = E80188522C63C39300BB3D9B /* MatchData.swift */; };
		E804A9AB2C647E67006E8964 /* FlippedCardsData.swift in Sources */ = {isa = PBXBuildFile; fileRef = E804A9AA2C647E67006E8964 /* FlippedCardsData.swift */; };
		E804A9AD2C6A6C9D006E8964 /* ShakeData.swift in Sources */ = {isa = PBXBuildFile; fileRef = E804A9AC2C6A6C9D006E8964 /* ShakeData.swift */; };
		E804A9B12C6BA8A2006E8964 /* ShakerData.swift in Sources */ = {isa = PBXBuildFile; fileRef = E804A9B02C6BA8A2006E8964 /* ShakerData.swift */; };
		E804A9B32C6BD721006E8964 /* CardsData.swift in Sources */ = {isa = PBXBuildFile; fileRef = E804A9B22C6BD721006E8964 /* CardsData.swift */; };
		E804A9B52C73363B006E8964 /* EmptyCardView.swift in Sources */ = {isa = PBXBuildFile; fileRef = E804A9B42C73363B006E8964 /* EmptyCardView.swift */; };
		E81F9AB62C6224CE00557431 /* ShakeDetector.swift in Sources */ = {isa = PBXBuildFile; fileRef = E81F9AB52C6224CE00557431 /* ShakeDetector.swift */; };
		E81F9AB82C6224FB00557431 /* CardView.swift in Sources */ = {isa = PBXBuildFile; fileRef = E81F9AB72C6224FB00557431 /* CardView.swift */; };
		E87D78002C514458008A45F9 /* TwoCardView.swift in Sources */ = {isa = PBXBuildFile; fileRef = E87D77FF2C514458008A45F9 /* TwoCardView.swift */; };
		E87D78022C514468008A45F9 /* ThreeCardView.swift in Sources */ = {isa = PBXBuildFile; fileRef = E87D78012C514468008A45F9 /* ThreeCardView.swift */; };
		E87D78042C51447C008A45F9 /* FourCardView.swift in Sources */ = {isa = PBXBuildFile; fileRef = E87D78032C51447C008A45F9 /* FourCardView.swift */; };
		E88E75732C5F493B0002DCA7 /* InitialData.swift in Sources */ = {isa = PBXBuildFile; fileRef = E88E75722C5F493B0002DCA7 /* InitialData.swift */; };
		E894878D2C5FBBD2004059FE /* MatchManager+GameMethods.swift in Sources */ = {isa = PBXBuildFile; fileRef = E894878C2C5FBBD2004059FE /* MatchManager+GameMethods.swift */; };
		E894878F2C5FC0E6004059FE /* MatchManager+GKMatchDelegate.swift in Sources */ = {isa = PBXBuildFile; fileRef = E894878E2C5FC0E6004059FE /* MatchManager+GKMatchDelegate.swift */; };
		E8A8EB7A2C61F40E001902CF /* GameNotificationView.swift in Sources */ = {isa = PBXBuildFile; fileRef = E8A8EB792C61F40E001902CF /* GameNotificationView.swift */; };
		E8CD45462C52AB5000897F18 /* CardDeckDesign.swift in Sources */ = {isa = PBXBuildFile; fileRef = E8CD45452C52AB5000897F18 /* CardDeckDesign.swift */; };
		E8CD45482C58ECB700897F18 /* Constants.swift in Sources */ = {isa = PBXBuildFile; fileRef = E8CD45472C58ECB700897F18 /* Constants.swift */; };
		E8CD454A2C58EF6E00897F18 /* MatchManager.swift in Sources */ = {isa = PBXBuildFile; fileRef = E8CD45492C58EF6E00897F18 /* MatchManager.swift */; };
		E8CD454C2C590F8100897F18 /* MatchManager+GKmatchmakerVCDelegate.swift in Sources */ = {isa = PBXBuildFile; fileRef = E8CD454B2C590F8100897F18 /* MatchManager+GKmatchmakerVCDelegate.swift */; };
		E8F9B7F62C4FC3D600F9B26A /* ShakeToRingApp.swift in Sources */ = {isa = PBXBuildFile; fileRef = E8F9B7F52C4FC3D600F9B26A /* ShakeToRingApp.swift */; };
		E8F9B7F82C4FC3D600F9B26A /* ContentView.swift in Sources */ = {isa = PBXBuildFile; fileRef = E8F9B7F72C4FC3D600F9B26A /* ContentView.swift */; };
		E8F9B7FA2C4FC3D800F9B26A /* Assets.xcassets in Resources */ = {isa = PBXBuildFile; fileRef = E8F9B7F92C4FC3D800F9B26A /* Assets.xcassets */; };
		E8F9B7FD2C4FC3D800F9B26A /* Preview Assets.xcassets in Resources */ = {isa = PBXBuildFile; fileRef = E8F9B7FC2C4FC3D800F9B26A /* Preview Assets.xcassets */; };
		E8F9B80C2C4FC41200F9B26A /* GameResultView.swift in Sources */ = {isa = PBXBuildFile; fileRef = E8F9B8042C4FC41100F9B26A /* GameResultView.swift */; };
		E8F9B80D2C4FC41200F9B26A /* FiveCardView.swift in Sources */ = {isa = PBXBuildFile; fileRef = E8F9B8052C4FC41100F9B26A /* FiveCardView.swift */; };
		E8F9B80E2C4FC41200F9B26A /* MenuView.swift in Sources */ = {isa = PBXBuildFile; fileRef = E8F9B8062C4FC41100F9B26A /* MenuView.swift */; };
		E8F9B8102C4FC41200F9B26A /* GameOverView.swift in Sources */ = {isa = PBXBuildFile; fileRef = E8F9B8082C4FC41200F9B26A /* GameOverView.swift */; };
		E8F9B8112C4FC41200F9B26A /* GameView.swift in Sources */ = {isa = PBXBuildFile; fileRef = E8F9B8092C4FC41200F9B26A /* GameView.swift */; };
		E8F9B8132C4FC41200F9B26A /* MyCardsView.swift in Sources */ = {isa = PBXBuildFile; fileRef = E8F9B80B2C4FC41200F9B26A /* MyCardsView.swift */; };
		E8F9B8172C50BE0B00F9B26A /* CardModel.swift in Sources */ = {isa = PBXBuildFile; fileRef = E8F9B8162C50BE0B00F9B26A /* CardModel.swift */; };
		E8F9B8192C50C50F00F9B26A /* OneCardView.swift in Sources */ = {isa = PBXBuildFile; fileRef = E8F9B8182C50C50F00F9B26A /* OneCardView.swift */; };
		E8FA4B5A2C5BDFC600F38434 /* Misc.swift in Sources */ = {isa = PBXBuildFile; fileRef = E8FA4B592C5BDFC600F38434 /* Misc.swift */; };
		E8FA4B5E2C5BE16C00F38434 /* GameKit.framework in Frameworks */ = {isa = PBXBuildFile; fileRef = E8FA4B5D2C5BE16C00F38434 /* GameKit.framework */; };
		E8FA4B602C5CA96900F38434 /* GameController.framework in Frameworks */ = {isa = PBXBuildFile; fileRef = E8FA4B5F2C5CA96900F38434 /* GameController.framework */; };
/* End PBXBuildFile section */

/* Begin PBXFileReference section */
		E80188522C63C39300BB3D9B /* MatchData.swift */ = {isa = PBXFileReference; lastKnownFileType = sourcecode.swift; path = MatchData.swift; sourceTree = "<group>"; };
		E804A9AA2C647E67006E8964 /* FlippedCardsData.swift */ = {isa = PBXFileReference; lastKnownFileType = sourcecode.swift; path = FlippedCardsData.swift; sourceTree = "<group>"; };
		E804A9AC2C6A6C9D006E8964 /* ShakeData.swift */ = {isa = PBXFileReference; lastKnownFileType = sourcecode.swift; path = ShakeData.swift; sourceTree = "<group>"; };
		E804A9B02C6BA8A2006E8964 /* ShakerData.swift */ = {isa = PBXFileReference; lastKnownFileType = sourcecode.swift; path = ShakerData.swift; sourceTree = "<group>"; };
		E804A9B22C6BD721006E8964 /* CardsData.swift */ = {isa = PBXFileReference; lastKnownFileType = sourcecode.swift; path = CardsData.swift; sourceTree = "<group>"; };
		E804A9B42C73363B006E8964 /* EmptyCardView.swift */ = {isa = PBXFileReference; lastKnownFileType = sourcecode.swift; path = EmptyCardView.swift; sourceTree = "<group>"; };
		E81F9AB52C6224CE00557431 /* ShakeDetector.swift */ = {isa = PBXFileReference; lastKnownFileType = sourcecode.swift; path = ShakeDetector.swift; sourceTree = "<group>"; };
		E81F9AB72C6224FB00557431 /* CardView.swift */ = {isa = PBXFileReference; lastKnownFileType = sourcecode.swift; path = CardView.swift; sourceTree = "<group>"; };
		E82603082C5F8DB0009B0298 /* ShakeToRing.entitlements */ = {isa = PBXFileReference; lastKnownFileType = text.plist.entitlements; path = ShakeToRing.entitlements; sourceTree = "<group>"; };
		E87D77FF2C514458008A45F9 /* TwoCardView.swift */ = {isa = PBXFileReference; lastKnownFileType = sourcecode.swift; path = TwoCardView.swift; sourceTree = "<group>"; };
		E87D78012C514468008A45F9 /* ThreeCardView.swift */ = {isa = PBXFileReference; lastKnownFileType = sourcecode.swift; path = ThreeCardView.swift; sourceTree = "<group>"; };
		E87D78032C51447C008A45F9 /* FourCardView.swift */ = {isa = PBXFileReference; lastKnownFileType = sourcecode.swift; path = FourCardView.swift; sourceTree = "<group>"; };
		E88E75722C5F493B0002DCA7 /* InitialData.swift */ = {isa = PBXFileReference; lastKnownFileType = sourcecode.swift; path = InitialData.swift; sourceTree = "<group>"; };
		E894878C2C5FBBD2004059FE /* MatchManager+GameMethods.swift */ = {isa = PBXFileReference; lastKnownFileType = sourcecode.swift; path = "MatchManager+GameMethods.swift"; sourceTree = "<group>"; };
		E894878E2C5FC0E6004059FE /* MatchManager+GKMatchDelegate.swift */ = {isa = PBXFileReference; lastKnownFileType = sourcecode.swift; path = "MatchManager+GKMatchDelegate.swift"; sourceTree = "<group>"; };
		E8A8EB792C61F40E001902CF /* GameNotificationView.swift */ = {isa = PBXFileReference; lastKnownFileType = sourcecode.swift; path = GameNotificationView.swift; sourceTree = "<group>"; };
		E8CD45452C52AB5000897F18 /* CardDeckDesign.swift */ = {isa = PBXFileReference; lastKnownFileType = sourcecode.swift; path = CardDeckDesign.swift; sourceTree = "<group>"; };
		E8CD45472C58ECB700897F18 /* Constants.swift */ = {isa = PBXFileReference; lastKnownFileType = sourcecode.swift; path = Constants.swift; sourceTree = "<group>"; };
		E8CD45492C58EF6E00897F18 /* MatchManager.swift */ = {isa = PBXFileReference; lastKnownFileType = sourcecode.swift; path = MatchManager.swift; sourceTree = "<group>"; };
		E8CD454B2C590F8100897F18 /* MatchManager+GKmatchmakerVCDelegate.swift */ = {isa = PBXFileReference; lastKnownFileType = sourcecode.swift; path = "MatchManager+GKmatchmakerVCDelegate.swift"; sourceTree = "<group>"; };
		E8F9B7F22C4FC3D600F9B26A /* ShakeToRing.app */ = {isa = PBXFileReference; explicitFileType = wrapper.application; includeInIndex = 0; path = ShakeToRing.app; sourceTree = BUILT_PRODUCTS_DIR; };
		E8F9B7F52C4FC3D600F9B26A /* ShakeToRingApp.swift */ = {isa = PBXFileReference; lastKnownFileType = sourcecode.swift; path = ShakeToRingApp.swift; sourceTree = "<group>"; };
		E8F9B7F72C4FC3D600F9B26A /* ContentView.swift */ = {isa = PBXFileReference; lastKnownFileType = sourcecode.swift; path = ContentView.swift; sourceTree = "<group>"; };
		E8F9B7F92C4FC3D800F9B26A /* Assets.xcassets */ = {isa = PBXFileReference; lastKnownFileType = folder.assetcatalog; path = Assets.xcassets; sourceTree = "<group>"; };
		E8F9B7FC2C4FC3D800F9B26A /* Preview Assets.xcassets */ = {isa = PBXFileReference; lastKnownFileType = folder.assetcatalog; path = "Preview Assets.xcassets"; sourceTree = "<group>"; };
		E8F9B8042C4FC41100F9B26A /* GameResultView.swift */ = {isa = PBXFileReference; fileEncoding = 4; lastKnownFileType = sourcecode.swift; path = GameResultView.swift; sourceTree = "<group>"; };
		E8F9B8052C4FC41100F9B26A /* FiveCardView.swift */ = {isa = PBXFileReference; fileEncoding = 4; lastKnownFileType = sourcecode.swift; path = FiveCardView.swift; sourceTree = "<group>"; };
		E8F9B8062C4FC41100F9B26A /* MenuView.swift */ = {isa = PBXFileReference; fileEncoding = 4; lastKnownFileType = sourcecode.swift; path = MenuView.swift; sourceTree = "<group>"; };
		E8F9B8082C4FC41200F9B26A /* GameOverView.swift */ = {isa = PBXFileReference; fileEncoding = 4; lastKnownFileType = sourcecode.swift; path = GameOverView.swift; sourceTree = "<group>"; };
		E8F9B8092C4FC41200F9B26A /* GameView.swift */ = {isa = PBXFileReference; fileEncoding = 4; lastKnownFileType = sourcecode.swift; path = GameView.swift; sourceTree = "<group>"; };
		E8F9B80B2C4FC41200F9B26A /* MyCardsView.swift */ = {isa = PBXFileReference; fileEncoding = 4; lastKnownFileType = sourcecode.swift; path = MyCardsView.swift; sourceTree = "<group>"; };
		E8F9B8162C50BE0B00F9B26A /* CardModel.swift */ = {isa = PBXFileReference; lastKnownFileType = sourcecode.swift; path = CardModel.swift; sourceTree = "<group>"; };
		E8F9B8182C50C50F00F9B26A /* OneCardView.swift */ = {isa = PBXFileReference; lastKnownFileType = sourcecode.swift; path = OneCardView.swift; sourceTree = "<group>"; };
		E8FA4B592C5BDFC600F38434 /* Misc.swift */ = {isa = PBXFileReference; lastKnownFileType = sourcecode.swift; path = Misc.swift; sourceTree = "<group>"; };
		E8FA4B5D2C5BE16C00F38434 /* GameKit.framework */ = {isa = PBXFileReference; lastKnownFileType = wrapper.framework; name = GameKit.framework; path = System/Library/Frameworks/GameKit.framework; sourceTree = SDKROOT; };
		E8FA4B5F2C5CA96900F38434 /* GameController.framework */ = {isa = PBXFileReference; lastKnownFileType = wrapper.framework; name = GameController.framework; path = System/Library/Frameworks/GameController.framework; sourceTree = SDKROOT; };
		E8FA4B612C5CA96900F38434 /* Info.plist */ = {isa = PBXFileReference; lastKnownFileType = text.plist; path = Info.plist; sourceTree = "<group>"; };
/* End PBXFileReference section */

/* Begin PBXFrameworksBuildPhase section */
		E8F9B7EF2C4FC3D600F9B26A /* Frameworks */ = {
			isa = PBXFrameworksBuildPhase;
			buildActionMask = 2147483647;
			files = (
				E8FA4B602C5CA96900F38434 /* GameController.framework in Frameworks */,
				E8FA4B5E2C5BE16C00F38434 /* GameKit.framework in Frameworks */,
			);
			runOnlyForDeploymentPostprocessing = 0;
		};
/* End PBXFrameworksBuildPhase section */

/* Begin PBXGroup section */
		E804A9A92C647E28006E8964 /* MatchData */ = {
			isa = PBXGroup;
			children = (
				E80188522C63C39300BB3D9B /* MatchData.swift */,
				E88E75722C5F493B0002DCA7 /* InitialData.swift */,
				E804A9AA2C647E67006E8964 /* FlippedCardsData.swift */,
				E804A9AC2C6A6C9D006E8964 /* ShakeData.swift */,
				E804A9B02C6BA8A2006E8964 /* ShakerData.swift */,
				E804A9B22C6BD721006E8964 /* CardsData.swift */,
			);
			path = MatchData;
			sourceTree = "<group>";
		};
		E8F9B7E92C4FC3D600F9B26A = {
			isa = PBXGroup;
			children = (
				E8F9B7F42C4FC3D600F9B26A /* ShakeToRing */,
				E8F9B7F32C4FC3D600F9B26A /* Products */,
				E8FA4B5C2C5BE16C00F38434 /* Frameworks */,
			);
			sourceTree = "<group>";
		};
		E8F9B7F32C4FC3D600F9B26A /* Products */ = {
			isa = PBXGroup;
			children = (
				E8F9B7F22C4FC3D600F9B26A /* ShakeToRing.app */,
			);
			name = Products;
			sourceTree = "<group>";
		};
		E8F9B7F42C4FC3D600F9B26A /* ShakeToRing */ = {
			isa = PBXGroup;
			children = (
				E82603082C5F8DB0009B0298 /* ShakeToRing.entitlements */,
				E8FA4B612C5CA96900F38434 /* Info.plist */,
				E8F9B7F52C4FC3D600F9B26A /* ShakeToRingApp.swift */,
				E8CD45472C58ECB700897F18 /* Constants.swift */,
				E8FA4B592C5BDFC600F38434 /* Misc.swift */,
				E8FA4B5B2C5BE0E500F38434 /* MatchManager */,
				E8F9B8152C50BDF700F9B26A /* Models */,
				E8F9B8032C4FC3E100F9B26A /* Views */,
				E8F9B7F92C4FC3D800F9B26A /* Assets.xcassets */,
				E8F9B7FB2C4FC3D800F9B26A /* Preview Content */,
			);
			path = ShakeToRing;
			sourceTree = "<group>";
		};
		E8F9B7FB2C4FC3D800F9B26A /* Preview Content */ = {
			isa = PBXGroup;
			children = (
				E8F9B7FC2C4FC3D800F9B26A /* Preview Assets.xcassets */,
			);
			path = "Preview Content";
			sourceTree = "<group>";
		};
		E8F9B8032C4FC3E100F9B26A /* Views */ = {
			isa = PBXGroup;
			children = (
				E8F9B8142C50BB2D00F9B26A /* Cards */,
				E8F9B7F72C4FC3D600F9B26A /* ContentView.swift */,
				E8F9B8062C4FC41100F9B26A /* MenuView.swift */,
				E8F9B80B2C4FC41200F9B26A /* MyCardsView.swift */,
				E8F9B8092C4FC41200F9B26A /* GameView.swift */,
				E81F9AB52C6224CE00557431 /* ShakeDetector.swift */,
				E8F9B8082C4FC41200F9B26A /* GameOverView.swift */,
				E8F9B8042C4FC41100F9B26A /* GameResultView.swift */,
				E8A8EB792C61F40E001902CF /* GameNotificationView.swift */,
			);
			path = Views;
			sourceTree = "<group>";
		};
		E8F9B8142C50BB2D00F9B26A /* Cards */ = {
			isa = PBXGroup;
			children = (
				E8F9B8052C4FC41100F9B26A /* FiveCardView.swift */,
				E87D78032C51447C008A45F9 /* FourCardView.swift */,
				E87D78012C514468008A45F9 /* ThreeCardView.swift */,
				E87D77FF2C514458008A45F9 /* TwoCardView.swift */,
				E8F9B8182C50C50F00F9B26A /* OneCardView.swift */,
				E81F9AB72C6224FB00557431 /* CardView.swift */,
				E804A9B42C73363B006E8964 /* EmptyCardView.swift */,
			);
			path = Cards;
			sourceTree = "<group>";
		};
		E8F9B8152C50BDF700F9B26A /* Models */ = {
			isa = PBXGroup;
			children = (
				E804A9A92C647E28006E8964 /* MatchData */,
				E8F9B8162C50BE0B00F9B26A /* CardModel.swift */,
				E8CD45452C52AB5000897F18 /* CardDeckDesign.swift */,
			);
			path = Models;
			sourceTree = "<group>";
		};
		E8FA4B5B2C5BE0E500F38434 /* MatchManager */ = {
			isa = PBXGroup;
			children = (
				E8CD45492C58EF6E00897F18 /* MatchManager.swift */,
				E8CD454B2C590F8100897F18 /* MatchManager+GKmatchmakerVCDelegate.swift */,
				E894878C2C5FBBD2004059FE /* MatchManager+GameMethods.swift */,
				E894878E2C5FC0E6004059FE /* MatchManager+GKMatchDelegate.swift */,
			);
			path = MatchManager;
			sourceTree = "<group>";
		};
		E8FA4B5C2C5BE16C00F38434 /* Frameworks */ = {
			isa = PBXGroup;
			children = (
				E8FA4B5F2C5CA96900F38434 /* GameController.framework */,
				E8FA4B5D2C5BE16C00F38434 /* GameKit.framework */,
			);
			name = Frameworks;
			sourceTree = "<group>";
		};
/* End PBXGroup section */

/* Begin PBXNativeTarget section */
		E8F9B7F12C4FC3D600F9B26A /* ShakeToRing */ = {
			isa = PBXNativeTarget;
			buildConfigurationList = E8F9B8002C4FC3D800F9B26A /* Build configuration list for PBXNativeTarget "ShakeToRing" */;
			buildPhases = (
				E8F9B7EE2C4FC3D600F9B26A /* Sources */,
				E8F9B7EF2C4FC3D600F9B26A /* Frameworks */,
				E8F9B7F02C4FC3D600F9B26A /* Resources */,
			);
			buildRules = (
			);
			dependencies = (
			);
			name = ShakeToRing;
			productName = ShakeToRing;
			productReference = E8F9B7F22C4FC3D600F9B26A /* ShakeToRing.app */;
			productType = "com.apple.product-type.application";
		};
/* End PBXNativeTarget section */

/* Begin PBXProject section */
		E8F9B7EA2C4FC3D600F9B26A /* Project object */ = {
			isa = PBXProject;
			attributes = {
				BuildIndependentTargetsInParallel = 1;
				LastSwiftUpdateCheck = 1320;
				LastUpgradeCheck = 1320;
				TargetAttributes = {
					E8F9B7F12C4FC3D600F9B26A = {
						CreatedOnToolsVersion = 13.2.1;
					};
				};
			};
			buildConfigurationList = E8F9B7ED2C4FC3D600F9B26A /* Build configuration list for PBXProject "ShakeToRing" */;
			compatibilityVersion = "Xcode 13.0";
			developmentRegion = en;
			hasScannedForEncodings = 0;
			knownRegions = (
				en,
				Base,
			);
			mainGroup = E8F9B7E92C4FC3D600F9B26A;
			productRefGroup = E8F9B7F32C4FC3D600F9B26A /* Products */;
			projectDirPath = "";
			projectRoot = "";
			targets = (
				E8F9B7F12C4FC3D600F9B26A /* ShakeToRing */,
			);
		};
/* End PBXProject section */

/* Begin PBXResourcesBuildPhase section */
		E8F9B7F02C4FC3D600F9B26A /* Resources */ = {
			isa = PBXResourcesBuildPhase;
			buildActionMask = 2147483647;
			files = (
				E8F9B7FD2C4FC3D800F9B26A /* Preview Assets.xcassets in Resources */,
				E8F9B7FA2C4FC3D800F9B26A /* Assets.xcassets in Resources */,
			);
			runOnlyForDeploymentPostprocessing = 0;
		};
/* End PBXResourcesBuildPhase section */

/* Begin PBXSourcesBuildPhase section */
		E8F9B7EE2C4FC3D600F9B26A /* Sources */ = {
			isa = PBXSourcesBuildPhase;
			buildActionMask = 2147483647;
			files = (
				E8F9B8102C4FC41200F9B26A /* GameOverView.swift in Sources */,
				E804A9AD2C6A6C9D006E8964 /* ShakeData.swift in Sources */,
				E87D78002C514458008A45F9 /* TwoCardView.swift in Sources */,
				E8F9B80E2C4FC41200F9B26A /* MenuView.swift in Sources */,
				E87D78022C514468008A45F9 /* ThreeCardView.swift in Sources */,
				E80188532C63C39300BB3D9B /* MatchData.swift in Sources */,
				E8CD45462C52AB5000897F18 /* CardDeckDesign.swift in Sources */,
				E894878D2C5FBBD2004059FE /* MatchManager+GameMethods.swift in Sources */,
				E8CD454A2C58EF6E00897F18 /* MatchManager.swift in Sources */,
				E8CD45482C58ECB700897F18 /* Constants.swift in Sources */,
				E8F9B8132C4FC41200F9B26A /* MyCardsView.swift in Sources */,
				E8F9B8192C50C50F00F9B26A /* OneCardView.swift in Sources */,
				E8F9B7F82C4FC3D600F9B26A /* ContentView.swift in Sources */,
				E8CD454C2C590F8100897F18 /* MatchManager+GKmatchmakerVCDelegate.swift in Sources */,
				E88E75732C5F493B0002DCA7 /* InitialData.swift in Sources */,
				E894878F2C5FC0E6004059FE /* MatchManager+GKMatchDelegate.swift in Sources */,
				E8F9B80C2C4FC41200F9B26A /* GameResultView.swift in Sources */,
				E8F9B8172C50BE0B00F9B26A /* CardModel.swift in Sources */,
				E804A9B32C6BD721006E8964 /* CardsData.swift in Sources */,
				E8F9B80D2C4FC41200F9B26A /* FiveCardView.swift in Sources */,
				E8A8EB7A2C61F40E001902CF /* GameNotificationView.swift in Sources */,
				E87D78042C51447C008A45F9 /* FourCardView.swift in Sources */,
				E804A9AB2C647E67006E8964 /* FlippedCardsData.swift in Sources */,
				E8FA4B5A2C5BDFC600F38434 /* Misc.swift in Sources */,
				E8F9B7F62C4FC3D600F9B26A /* ShakeToRingApp.swift in Sources */,
				E8F9B8112C4FC41200F9B26A /* GameView.swift in Sources */,
				E81F9AB82C6224FB00557431 /* CardView.swift in Sources */,
				E804A9B12C6BA8A2006E8964 /* ShakerData.swift in Sources */,
				E804A9B52C73363B006E8964 /* EmptyCardView.swift in Sources */,
				E81F9AB62C6224CE00557431 /* ShakeDetector.swift in Sources */,
			);
			runOnlyForDeploymentPostprocessing = 0;
		};
/* End PBXSourcesBuildPhase section */

/* Begin XCBuildConfiguration section */
		E8F9B7FE2C4FC3D800F9B26A /* Debug */ = {
			isa = XCBuildConfiguration;
			buildSettings = {
				ALWAYS_SEARCH_USER_PATHS = NO;
				CLANG_ANALYZER_NONNULL = YES;
				CLANG_ANALYZER_NUMBER_OBJECT_CONVERSION = YES_AGGRESSIVE;
				CLANG_CXX_LANGUAGE_STANDARD = "gnu++17";
				CLANG_CXX_LIBRARY = "libc++";
				CLANG_ENABLE_MODULES = YES;
				CLANG_ENABLE_OBJC_ARC = YES;
				CLANG_ENABLE_OBJC_WEAK = YES;
				CLANG_WARN_BLOCK_CAPTURE_AUTORELEASING = YES;
				CLANG_WARN_BOOL_CONVERSION = YES;
				CLANG_WARN_COMMA = YES;
				CLANG_WARN_CONSTANT_CONVERSION = YES;
				CLANG_WARN_DEPRECATED_OBJC_IMPLEMENTATIONS = YES;
				CLANG_WARN_DIRECT_OBJC_ISA_USAGE = YES_ERROR;
				CLANG_WARN_DOCUMENTATION_COMMENTS = YES;
				CLANG_WARN_EMPTY_BODY = YES;
				CLANG_WARN_ENUM_CONVERSION = YES;
				CLANG_WARN_INFINITE_RECURSION = YES;
				CLANG_WARN_INT_CONVERSION = YES;
				CLANG_WARN_NON_LITERAL_NULL_CONVERSION = YES;
				CLANG_WARN_OBJC_IMPLICIT_RETAIN_SELF = YES;
				CLANG_WARN_OBJC_LITERAL_CONVERSION = YES;
				CLANG_WARN_OBJC_ROOT_CLASS = YES_ERROR;
				CLANG_WARN_QUOTED_INCLUDE_IN_FRAMEWORK_HEADER = YES;
				CLANG_WARN_RANGE_LOOP_ANALYSIS = YES;
				CLANG_WARN_STRICT_PROTOTYPES = YES;
				CLANG_WARN_SUSPICIOUS_MOVE = YES;
				CLANG_WARN_UNGUARDED_AVAILABILITY = YES_AGGRESSIVE;
				CLANG_WARN_UNREACHABLE_CODE = YES;
				CLANG_WARN__DUPLICATE_METHOD_MATCH = YES;
				COPY_PHASE_STRIP = NO;
				DEBUG_INFORMATION_FORMAT = dwarf;
				ENABLE_STRICT_OBJC_MSGSEND = YES;
				ENABLE_TESTABILITY = YES;
				GCC_C_LANGUAGE_STANDARD = gnu11;
				GCC_DYNAMIC_NO_PIC = NO;
				GCC_NO_COMMON_BLOCKS = YES;
				GCC_OPTIMIZATION_LEVEL = 0;
				GCC_PREPROCESSOR_DEFINITIONS = (
					"DEBUG=1",
					"$(inherited)",
				);
				GCC_WARN_64_TO_32_BIT_CONVERSION = YES;
				GCC_WARN_ABOUT_RETURN_TYPE = YES_ERROR;
				GCC_WARN_UNDECLARED_SELECTOR = YES;
				GCC_WARN_UNINITIALIZED_AUTOS = YES_AGGRESSIVE;
				GCC_WARN_UNUSED_FUNCTION = YES;
				GCC_WARN_UNUSED_VARIABLE = YES;
				IPHONEOS_DEPLOYMENT_TARGET = 15.2;
				MTL_ENABLE_DEBUG_INFO = INCLUDE_SOURCE;
				MTL_FAST_MATH = YES;
				ONLY_ACTIVE_ARCH = YES;
				SDKROOT = iphoneos;
				SWIFT_ACTIVE_COMPILATION_CONDITIONS = DEBUG;
				SWIFT_OPTIMIZATION_LEVEL = "-Onone";
			};
			name = Debug;
		};
		E8F9B7FF2C4FC3D800F9B26A /* Release */ = {
			isa = XCBuildConfiguration;
			buildSettings = {
				ALWAYS_SEARCH_USER_PATHS = NO;
				CLANG_ANALYZER_NONNULL = YES;
				CLANG_ANALYZER_NUMBER_OBJECT_CONVERSION = YES_AGGRESSIVE;
				CLANG_CXX_LANGUAGE_STANDARD = "gnu++17";
				CLANG_CXX_LIBRARY = "libc++";
				CLANG_ENABLE_MODULES = YES;
				CLANG_ENABLE_OBJC_ARC = YES;
				CLANG_ENABLE_OBJC_WEAK = YES;
				CLANG_WARN_BLOCK_CAPTURE_AUTORELEASING = YES;
				CLANG_WARN_BOOL_CONVERSION = YES;
				CLANG_WARN_COMMA = YES;
				CLANG_WARN_CONSTANT_CONVERSION = YES;
				CLANG_WARN_DEPRECATED_OBJC_IMPLEMENTATIONS = YES;
				CLANG_WARN_DIRECT_OBJC_ISA_USAGE = YES_ERROR;
				CLANG_WARN_DOCUMENTATION_COMMENTS = YES;
				CLANG_WARN_EMPTY_BODY = YES;
				CLANG_WARN_ENUM_CONVERSION = YES;
				CLANG_WARN_INFINITE_RECURSION = YES;
				CLANG_WARN_INT_CONVERSION = YES;
				CLANG_WARN_NON_LITERAL_NULL_CONVERSION = YES;
				CLANG_WARN_OBJC_IMPLICIT_RETAIN_SELF = YES;
				CLANG_WARN_OBJC_LITERAL_CONVERSION = YES;
				CLANG_WARN_OBJC_ROOT_CLASS = YES_ERROR;
				CLANG_WARN_QUOTED_INCLUDE_IN_FRAMEWORK_HEADER = YES;
				CLANG_WARN_RANGE_LOOP_ANALYSIS = YES;
				CLANG_WARN_STRICT_PROTOTYPES = YES;
				CLANG_WARN_SUSPICIOUS_MOVE = YES;
				CLANG_WARN_UNGUARDED_AVAILABILITY = YES_AGGRESSIVE;
				CLANG_WARN_UNREACHABLE_CODE = YES;
				CLANG_WARN__DUPLICATE_METHOD_MATCH = YES;
				COPY_PHASE_STRIP = NO;
				DEBUG_INFORMATION_FORMAT = "dwarf-with-dsym";
				ENABLE_NS_ASSERTIONS = NO;
				ENABLE_STRICT_OBJC_MSGSEND = YES;
				GCC_C_LANGUAGE_STANDARD = gnu11;
				GCC_NO_COMMON_BLOCKS = YES;
				GCC_WARN_64_TO_32_BIT_CONVERSION = YES;
				GCC_WARN_ABOUT_RETURN_TYPE = YES_ERROR;
				GCC_WARN_UNDECLARED_SELECTOR = YES;
				GCC_WARN_UNINITIALIZED_AUTOS = YES_AGGRESSIVE;
				GCC_WARN_UNUSED_FUNCTION = YES;
				GCC_WARN_UNUSED_VARIABLE = YES;
				IPHONEOS_DEPLOYMENT_TARGET = 15.2;
				MTL_ENABLE_DEBUG_INFO = NO;
				MTL_FAST_MATH = YES;
				SDKROOT = iphoneos;
				SWIFT_COMPILATION_MODE = wholemodule;
				SWIFT_OPTIMIZATION_LEVEL = "-O";
				VALIDATE_PRODUCT = YES;
			};
			name = Release;
		};
		E8F9B8012C4FC3D800F9B26A /* Debug */ = {
			isa = XCBuildConfiguration;
			buildSettings = {
				ASSETCATALOG_COMPILER_APPICON_NAME = AppIcon;
				ASSETCATALOG_COMPILER_GLOBAL_ACCENT_COLOR_NAME = AccentColor;
				CODE_SIGN_ENTITLEMENTS = ShakeToRing/ShakeToRing.entitlements;
				CODE_SIGN_IDENTITY = "iPhone Developer";
				CODE_SIGN_STYLE = Manual;
				CURRENT_PROJECT_VERSION = 1;
				DEVELOPMENT_ASSET_PATHS = "\"ShakeToRing/Preview Content\"";
				DEVELOPMENT_TEAM = KYV9PVP939;
				"DEVELOPMENT_TEAM[sdk=iphoneos*]" = KYV9PVP939;
				ENABLE_PREVIEWS = YES;
				GENERATE_INFOPLIST_FILE = YES;
				INFOPLIST_FILE = ShakeToRing/Info.plist;
				INFOPLIST_KEY_LSApplicationCategoryType = "public.app-category.board-games";
				INFOPLIST_KEY_UIApplicationSceneManifest_Generation = YES;
				INFOPLIST_KEY_UIApplicationSupportsIndirectInputEvents = YES;
				INFOPLIST_KEY_UILaunchScreen_Generation = YES;
				INFOPLIST_KEY_UIRequiredDeviceCapabilities = gamekit;
				INFOPLIST_KEY_UISupportedInterfaceOrientations = UIInterfaceOrientationPortrait;
				INFOPLIST_KEY_UISupportedInterfaceOrientations_iPad = "UIInterfaceOrientationPortrait UIInterfaceOrientationPortraitUpsideDown UIInterfaceOrientationLandscapeLeft UIInterfaceOrientationLandscapeRight";
				INFOPLIST_KEY_UISupportedInterfaceOrientations_iPhone = "UIInterfaceOrientationPortrait UIInterfaceOrientationLandscapeLeft UIInterfaceOrientationLandscapeRight";
				LD_RUNPATH_SEARCH_PATHS = (
					"$(inherited)",
					"@executable_path/Frameworks",
				);
				MARKETING_VERSION = 1.0;
				PRODUCT_BUNDLE_IDENTIFIER = "Hyunji-An.ShakeToRing";
				PRODUCT_NAME = "$(TARGET_NAME)";
				PROVISIONING_PROFILE_SPECIFIER = test;
				"PROVISIONING_PROFILE_SPECIFIER[sdk=iphoneos*]" = profile;
				SWIFT_EMIT_LOC_STRINGS = YES;
				SWIFT_VERSION = 5.0;
				TARGETED_DEVICE_FAMILY = 1;
			};
			name = Debug;
		};
		E8F9B8022C4FC3D800F9B26A /* Release */ = {
			isa = XCBuildConfiguration;
			buildSettings = {
				ASSETCATALOG_COMPILER_APPICON_NAME = AppIcon;
				ASSETCATALOG_COMPILER_GLOBAL_ACCENT_COLOR_NAME = AccentColor;
				CODE_SIGN_ENTITLEMENTS = ShakeToRing/ShakeToRing.entitlements;
				CODE_SIGN_IDENTITY = "iPhone Developer";
				CODE_SIGN_STYLE = Manual;
				CURRENT_PROJECT_VERSION = 1;
				DEVELOPMENT_ASSET_PATHS = "\"ShakeToRing/Preview Content\"";
				DEVELOPMENT_TEAM = KYV9PVP939;
				"DEVELOPMENT_TEAM[sdk=iphoneos*]" = KYV9PVP939;
				ENABLE_PREVIEWS = YES;
				GENERATE_INFOPLIST_FILE = YES;
				INFOPLIST_FILE = ShakeToRing/Info.plist;
				INFOPLIST_KEY_LSApplicationCategoryType = "public.app-category.board-games";
				INFOPLIST_KEY_UIApplicationSceneManifest_Generation = YES;
				INFOPLIST_KEY_UIApplicationSupportsIndirectInputEvents = YES;
				INFOPLIST_KEY_UILaunchScreen_Generation = YES;
				INFOPLIST_KEY_UIRequiredDeviceCapabilities = gamekit;
				INFOPLIST_KEY_UISupportedInterfaceOrientations = UIInterfaceOrientationPortrait;
				INFOPLIST_KEY_UISupportedInterfaceOrientations_iPad = "UIInterfaceOrientationPortrait UIInterfaceOrientationPortraitUpsideDown UIInterfaceOrientationLandscapeLeft UIInterfaceOrientationLandscapeRight";
				INFOPLIST_KEY_UISupportedInterfaceOrientations_iPhone = "UIInterfaceOrientationPortrait UIInterfaceOrientationLandscapeLeft UIInterfaceOrientationLandscapeRight";
				LD_RUNPATH_SEARCH_PATHS = (
					"$(inherited)",
					"@executable_path/Frameworks",
				);
				MARKETING_VERSION = 1.0;
				PRODUCT_BUNDLE_IDENTIFIER = "Hyunji-An.ShakeToRing";
				PRODUCT_NAME = "$(TARGET_NAME)";
				PROVISIONING_PROFILE_SPECIFIER = test;
				"PROVISIONING_PROFILE_SPECIFIER[sdk=iphoneos*]" = profile;
				SWIFT_EMIT_LOC_STRINGS = YES;
				SWIFT_VERSION = 5.0;
				TARGETED_DEVICE_FAMILY = 1;
			};
			name = Release;
		};
/* End XCBuildConfiguration section */

/* Begin XCConfigurationList section */
		E8F9B7ED2C4FC3D600F9B26A /* Build configuration list for PBXProject "ShakeToRing" */ = {
			isa = XCConfigurationList;
			buildConfigurations = (
				E8F9B7FE2C4FC3D800F9B26A /* Debug */,
				E8F9B7FF2C4FC3D800F9B26A /* Release */,
			);
			defaultConfigurationIsVisible = 0;
			defaultConfigurationName = Release;
		};
		E8F9B8002C4FC3D800F9B26A /* Build configuration list for PBXNativeTarget "ShakeToRing" */ = {
			isa = XCConfigurationList;
			buildConfigurations = (
				E8F9B8012C4FC3D800F9B26A /* Debug */,
				E8F9B8022C4FC3D800F9B26A /* Release */,
			);
			defaultConfigurationIsVisible = 0;
			defaultConfigurationName = Release;
		};
/* End XCConfigurationList section */
	};
	rootObject = E8F9B7EA2C4FC3D600F9B26A /* Project object */;
}
